// !$*UTF8*$!
{
	archiveVersion = 1;
	classes = {
	};
	objectVersion = 51;
	objects = {

/* Begin PBXBuildFile section */
		3EB4F3BDC4E60B7EB804014B /* Pods_PaymentsAppDemo.framework in Frameworks */ = {isa = PBXBuildFile; fileRef = A2A61D39FA576705FB8C6921 /* Pods_PaymentsAppDemo.framework */; };
		4FB1691D64530844C9BC6163 /* Pods_PaymentsAppDemoTests.framework in Frameworks */ = {isa = PBXBuildFile; fileRef = 0F061BC7CA21891BE62B74DE /* Pods_PaymentsAppDemoTests.framework */; };
		C3AB884B24F167C000ACD4DF /* AppDelegate.swift in Sources */ = {isa = PBXBuildFile; fileRef = C3AB884A24F167C000ACD4DF /* AppDelegate.swift */; };
		C3AB884F24F167C000ACD4DF /* ViewController.swift in Sources */ = {isa = PBXBuildFile; fileRef = C3AB884E24F167C000ACD4DF /* ViewController.swift */; };
		C3AB885224F167C000ACD4DF /* Main.storyboard in Resources */ = {isa = PBXBuildFile; fileRef = C3AB885024F167C000ACD4DF /* Main.storyboard */; };
		C3AB885424F167C100ACD4DF /* Assets.xcassets in Resources */ = {isa = PBXBuildFile; fileRef = C3AB885324F167C100ACD4DF /* Assets.xcassets */; };
		C3AB885724F167C100ACD4DF /* LaunchScreen.storyboard in Resources */ = {isa = PBXBuildFile; fileRef = C3AB885524F167C100ACD4DF /* LaunchScreen.storyboard */; };
		C3AB886224F167C100ACD4DF /* PaymentsAppDemoTests.swift in Sources */ = {isa = PBXBuildFile; fileRef = C3AB886124F167C100ACD4DF /* PaymentsAppDemoTests.swift */; };
		C3AB886D24F167C100ACD4DF /* PaymentsAppDemoUITests.swift in Sources */ = {isa = PBXBuildFile; fileRef = C3AB886C24F167C100ACD4DF /* PaymentsAppDemoUITests.swift */; };
		C3AF579424F1CE530033499E /* PaymentsAPI.swift in Sources */ = {isa = PBXBuildFile; fileRef = C3AF579324F1CE530033499E /* PaymentsAPI.swift */; };
		C3AF579A24F2E2FF0033499E /* PaymentMethod.swift in Sources */ = {isa = PBXBuildFile; fileRef = C3AF579924F2E2FF0033499E /* PaymentMethod.swift */; };
		C3AF579C24F304630033499E /* CardIssuer.swift in Sources */ = {isa = PBXBuildFile; fileRef = C3AF579B24F304630033499E /* CardIssuer.swift */; };
		C3AF579E24F3046F0033499E /* Installment.swift in Sources */ = {isa = PBXBuildFile; fileRef = C3AF579D24F3046F0033499E /* Installment.swift */; };
		C3AF57A424F318A90033499E /* NetworkManager.swift in Sources */ = {isa = PBXBuildFile; fileRef = C3AF57A324F318A90033499E /* NetworkManager.swift */; };
		C3AF57A624F326F70033499E /* BaseNetwork.swift in Sources */ = {isa = PBXBuildFile; fileRef = C3AF57A524F326F70033499E /* BaseNetwork.swift */; };
		C3AF57AD24F33C8B0033499E /* AmountViewController.swift in Sources */ = {isa = PBXBuildFile; fileRef = C3AF57AB24F33C8B0033499E /* AmountViewController.swift */; };
		C3AF57AE24F33C8B0033499E /* AmountViewController.xib in Resources */ = {isa = PBXBuildFile; fileRef = C3AF57AC24F33C8B0033499E /* AmountViewController.xib */; };
		C3AF57B024F33CCA0033499E /* UIColor+Extension.swift in Sources */ = {isa = PBXBuildFile; fileRef = C3AF57AF24F33CCA0033499E /* UIColor+Extension.swift */; };
		C3AF57B224F3406E0033499E /* Constants.swift in Sources */ = {isa = PBXBuildFile; fileRef = C3AF57B124F3406E0033499E /* Constants.swift */; };
		C3AF57B524F340E30033499E /* LocalizablesES.strings in Resources */ = {isa = PBXBuildFile; fileRef = C3AF57B424F340E30033499E /* LocalizablesES.strings */; };
		C3AF57B724F341130033499E /* LocalizablesEN.strings in Resources */ = {isa = PBXBuildFile; fileRef = C3AF57B624F341130033499E /* LocalizablesEN.strings */; };
		C3AF57B924F341680033499E /* Localizables.swift in Sources */ = {isa = PBXBuildFile; fileRef = C3AF57B824F341680033499E /* Localizables.swift */; };
		C3AF57BB24F341C10033499E /* String+Extension.swift in Sources */ = {isa = PBXBuildFile; fileRef = C3AF57BA24F341C10033499E /* String+Extension.swift */; };
		C3AF57BE24F3441A0033499E /* UIViewController+Extension.swift in Sources */ = {isa = PBXBuildFile; fileRef = C3AF57BD24F3441A0033499E /* UIViewController+Extension.swift */; };
		D39B5E8AD3628A4A5E89ACB0 /* Pods_PaymentsAppDemo_PaymentsAppDemoUITests.framework in Frameworks */ = {isa = PBXBuildFile; fileRef = C67B3109DD51DA846E504CB8 /* Pods_PaymentsAppDemo_PaymentsAppDemoUITests.framework */; };
/* End PBXBuildFile section */

/* Begin PBXContainerItemProxy section */
		C3AB885E24F167C100ACD4DF /* PBXContainerItemProxy */ = {
			isa = PBXContainerItemProxy;
			containerPortal = C3AB883F24F167C000ACD4DF /* Project object */;
			proxyType = 1;
			remoteGlobalIDString = C3AB884624F167C000ACD4DF;
			remoteInfo = PaymentsAppDemo;
		};
		C3AB886924F167C100ACD4DF /* PBXContainerItemProxy */ = {
			isa = PBXContainerItemProxy;
			containerPortal = C3AB883F24F167C000ACD4DF /* Project object */;
			proxyType = 1;
			remoteGlobalIDString = C3AB884624F167C000ACD4DF;
			remoteInfo = PaymentsAppDemo;
		};
/* End PBXContainerItemProxy section */

/* Begin PBXFileReference section */
		0A509FE2152CE6FC9C637490 /* Pods-PaymentsAppDemo.debug.xcconfig */ = {isa = PBXFileReference; includeInIndex = 1; lastKnownFileType = text.xcconfig; name = "Pods-PaymentsAppDemo.debug.xcconfig"; path = "Target Support Files/Pods-PaymentsAppDemo/Pods-PaymentsAppDemo.debug.xcconfig"; sourceTree = "<group>"; };
		0D45D4293DE19414F7CA6883 /* Pods-PaymentsAppDemo-PaymentsAppDemoUITests.debug.xcconfig */ = {isa = PBXFileReference; includeInIndex = 1; lastKnownFileType = text.xcconfig; name = "Pods-PaymentsAppDemo-PaymentsAppDemoUITests.debug.xcconfig"; path = "Target Support Files/Pods-PaymentsAppDemo-PaymentsAppDemoUITests/Pods-PaymentsAppDemo-PaymentsAppDemoUITests.debug.xcconfig"; sourceTree = "<group>"; };
		0F061BC7CA21891BE62B74DE /* Pods_PaymentsAppDemoTests.framework */ = {isa = PBXFileReference; explicitFileType = wrapper.framework; includeInIndex = 0; path = Pods_PaymentsAppDemoTests.framework; sourceTree = BUILT_PRODUCTS_DIR; };
		152E71361939A5E28A0FF846 /* Pods-PaymentsAppDemo.release.xcconfig */ = {isa = PBXFileReference; includeInIndex = 1; lastKnownFileType = text.xcconfig; name = "Pods-PaymentsAppDemo.release.xcconfig"; path = "Target Support Files/Pods-PaymentsAppDemo/Pods-PaymentsAppDemo.release.xcconfig"; sourceTree = "<group>"; };
		50E7FB4BE747DCDB89FF48AC /* Pods-PaymentsAppDemoTests.debug.xcconfig */ = {isa = PBXFileReference; includeInIndex = 1; lastKnownFileType = text.xcconfig; name = "Pods-PaymentsAppDemoTests.debug.xcconfig"; path = "Target Support Files/Pods-PaymentsAppDemoTests/Pods-PaymentsAppDemoTests.debug.xcconfig"; sourceTree = "<group>"; };
		84430DE20238791DBCC232A0 /* Pods-PaymentsAppDemoTests.release.xcconfig */ = {isa = PBXFileReference; includeInIndex = 1; lastKnownFileType = text.xcconfig; name = "Pods-PaymentsAppDemoTests.release.xcconfig"; path = "Target Support Files/Pods-PaymentsAppDemoTests/Pods-PaymentsAppDemoTests.release.xcconfig"; sourceTree = "<group>"; };
		A2A61D39FA576705FB8C6921 /* Pods_PaymentsAppDemo.framework */ = {isa = PBXFileReference; explicitFileType = wrapper.framework; includeInIndex = 0; path = Pods_PaymentsAppDemo.framework; sourceTree = BUILT_PRODUCTS_DIR; };
		C3AB884724F167C000ACD4DF /* PaymentsAppDemo.app */ = {isa = PBXFileReference; explicitFileType = wrapper.application; includeInIndex = 0; path = PaymentsAppDemo.app; sourceTree = BUILT_PRODUCTS_DIR; };
		C3AB884A24F167C000ACD4DF /* AppDelegate.swift */ = {isa = PBXFileReference; lastKnownFileType = sourcecode.swift; path = AppDelegate.swift; sourceTree = "<group>"; };
		C3AB884E24F167C000ACD4DF /* ViewController.swift */ = {isa = PBXFileReference; lastKnownFileType = sourcecode.swift; path = ViewController.swift; sourceTree = "<group>"; };
		C3AB885124F167C000ACD4DF /* Base */ = {isa = PBXFileReference; lastKnownFileType = file.storyboard; name = Base; path = Base.lproj/Main.storyboard; sourceTree = "<group>"; };
		C3AB885324F167C100ACD4DF /* Assets.xcassets */ = {isa = PBXFileReference; lastKnownFileType = folder.assetcatalog; path = Assets.xcassets; sourceTree = "<group>"; };
		C3AB885624F167C100ACD4DF /* Base */ = {isa = PBXFileReference; lastKnownFileType = file.storyboard; name = Base; path = Base.lproj/LaunchScreen.storyboard; sourceTree = "<group>"; };
		C3AB885824F167C100ACD4DF /* Info.plist */ = {isa = PBXFileReference; lastKnownFileType = text.plist.xml; path = Info.plist; sourceTree = "<group>"; };
		C3AB885D24F167C100ACD4DF /* PaymentsAppDemoTests.xctest */ = {isa = PBXFileReference; explicitFileType = wrapper.cfbundle; includeInIndex = 0; path = PaymentsAppDemoTests.xctest; sourceTree = BUILT_PRODUCTS_DIR; };
		C3AB886124F167C100ACD4DF /* PaymentsAppDemoTests.swift */ = {isa = PBXFileReference; lastKnownFileType = sourcecode.swift; path = PaymentsAppDemoTests.swift; sourceTree = "<group>"; };
		C3AB886324F167C100ACD4DF /* Info.plist */ = {isa = PBXFileReference; lastKnownFileType = text.plist.xml; path = Info.plist; sourceTree = "<group>"; };
		C3AB886824F167C100ACD4DF /* PaymentsAppDemoUITests.xctest */ = {isa = PBXFileReference; explicitFileType = wrapper.cfbundle; includeInIndex = 0; path = PaymentsAppDemoUITests.xctest; sourceTree = BUILT_PRODUCTS_DIR; };
		C3AB886C24F167C100ACD4DF /* PaymentsAppDemoUITests.swift */ = {isa = PBXFileReference; lastKnownFileType = sourcecode.swift; path = PaymentsAppDemoUITests.swift; sourceTree = "<group>"; };
		C3AB886E24F167C100ACD4DF /* Info.plist */ = {isa = PBXFileReference; lastKnownFileType = text.plist.xml; path = Info.plist; sourceTree = "<group>"; };
		C3AF579324F1CE530033499E /* PaymentsAPI.swift */ = {isa = PBXFileReference; lastKnownFileType = sourcecode.swift; path = PaymentsAPI.swift; sourceTree = "<group>"; };
		C3AF579924F2E2FF0033499E /* PaymentMethod.swift */ = {isa = PBXFileReference; lastKnownFileType = sourcecode.swift; path = PaymentMethod.swift; sourceTree = "<group>"; };
		C3AF579B24F304630033499E /* CardIssuer.swift */ = {isa = PBXFileReference; lastKnownFileType = sourcecode.swift; path = CardIssuer.swift; sourceTree = "<group>"; };
		C3AF579D24F3046F0033499E /* Installment.swift */ = {isa = PBXFileReference; lastKnownFileType = sourcecode.swift; path = Installment.swift; sourceTree = "<group>"; };
		C3AF57A324F318A90033499E /* NetworkManager.swift */ = {isa = PBXFileReference; lastKnownFileType = sourcecode.swift; path = NetworkManager.swift; sourceTree = "<group>"; };
		C3AF57A524F326F70033499E /* BaseNetwork.swift */ = {isa = PBXFileReference; lastKnownFileType = sourcecode.swift; path = BaseNetwork.swift; sourceTree = "<group>"; };
		C3AF57AB24F33C8B0033499E /* AmountViewController.swift */ = {isa = PBXFileReference; lastKnownFileType = sourcecode.swift; path = AmountViewController.swift; sourceTree = "<group>"; };
		C3AF57AC24F33C8B0033499E /* AmountViewController.xib */ = {isa = PBXFileReference; lastKnownFileType = file.xib; path = AmountViewController.xib; sourceTree = "<group>"; };
		C3AF57AF24F33CCA0033499E /* UIColor+Extension.swift */ = {isa = PBXFileReference; lastKnownFileType = sourcecode.swift; path = "UIColor+Extension.swift"; sourceTree = "<group>"; };
		C3AF57B124F3406E0033499E /* Constants.swift */ = {isa = PBXFileReference; lastKnownFileType = sourcecode.swift; path = Constants.swift; sourceTree = "<group>"; };
		C3AF57B424F340E30033499E /* LocalizablesES.strings */ = {isa = PBXFileReference; lastKnownFileType = text.plist.strings; path = LocalizablesES.strings; sourceTree = "<group>"; };
		C3AF57B624F341130033499E /* LocalizablesEN.strings */ = {isa = PBXFileReference; lastKnownFileType = text.plist.strings; path = LocalizablesEN.strings; sourceTree = "<group>"; };
		C3AF57B824F341680033499E /* Localizables.swift */ = {isa = PBXFileReference; lastKnownFileType = sourcecode.swift; path = Localizables.swift; sourceTree = "<group>"; };
		C3AF57BA24F341C10033499E /* String+Extension.swift */ = {isa = PBXFileReference; lastKnownFileType = sourcecode.swift; path = "String+Extension.swift"; sourceTree = "<group>"; };
		C3AF57BD24F3441A0033499E /* UIViewController+Extension.swift */ = {isa = PBXFileReference; lastKnownFileType = sourcecode.swift; path = "UIViewController+Extension.swift"; sourceTree = "<group>"; };
		C67B3109DD51DA846E504CB8 /* Pods_PaymentsAppDemo_PaymentsAppDemoUITests.framework */ = {isa = PBXFileReference; explicitFileType = wrapper.framework; includeInIndex = 0; path = Pods_PaymentsAppDemo_PaymentsAppDemoUITests.framework; sourceTree = BUILT_PRODUCTS_DIR; };
		FF0BA7B885A0BF2CB6E9710E /* Pods-PaymentsAppDemo-PaymentsAppDemoUITests.release.xcconfig */ = {isa = PBXFileReference; includeInIndex = 1; lastKnownFileType = text.xcconfig; name = "Pods-PaymentsAppDemo-PaymentsAppDemoUITests.release.xcconfig"; path = "Target Support Files/Pods-PaymentsAppDemo-PaymentsAppDemoUITests/Pods-PaymentsAppDemo-PaymentsAppDemoUITests.release.xcconfig"; sourceTree = "<group>"; };
/* End PBXFileReference section */

/* Begin PBXFrameworksBuildPhase section */
		C3AB884424F167C000ACD4DF /* Frameworks */ = {
			isa = PBXFrameworksBuildPhase;
			buildActionMask = 2147483647;
			files = (
				3EB4F3BDC4E60B7EB804014B /* Pods_PaymentsAppDemo.framework in Frameworks */,
			);
			runOnlyForDeploymentPostprocessing = 0;
		};
		C3AB885A24F167C100ACD4DF /* Frameworks */ = {
			isa = PBXFrameworksBuildPhase;
			buildActionMask = 2147483647;
			files = (
				4FB1691D64530844C9BC6163 /* Pods_PaymentsAppDemoTests.framework in Frameworks */,
			);
			runOnlyForDeploymentPostprocessing = 0;
		};
		C3AB886524F167C100ACD4DF /* Frameworks */ = {
			isa = PBXFrameworksBuildPhase;
			buildActionMask = 2147483647;
			files = (
				D39B5E8AD3628A4A5E89ACB0 /* Pods_PaymentsAppDemo_PaymentsAppDemoUITests.framework in Frameworks */,
			);
			runOnlyForDeploymentPostprocessing = 0;
		};
/* End PBXFrameworksBuildPhase section */

/* Begin PBXGroup section */
		2391334424AB7E72CEF8E70D /* Pods */ = {
			isa = PBXGroup;
			children = (
				0A509FE2152CE6FC9C637490 /* Pods-PaymentsAppDemo.debug.xcconfig */,
				152E71361939A5E28A0FF846 /* Pods-PaymentsAppDemo.release.xcconfig */,
				0D45D4293DE19414F7CA6883 /* Pods-PaymentsAppDemo-PaymentsAppDemoUITests.debug.xcconfig */,
				FF0BA7B885A0BF2CB6E9710E /* Pods-PaymentsAppDemo-PaymentsAppDemoUITests.release.xcconfig */,
				50E7FB4BE747DCDB89FF48AC /* Pods-PaymentsAppDemoTests.debug.xcconfig */,
				84430DE20238791DBCC232A0 /* Pods-PaymentsAppDemoTests.release.xcconfig */,
			);
			path = Pods;
			sourceTree = "<group>";
		};
		3213E325022F6925D7AD3341 /* Frameworks */ = {
			isa = PBXGroup;
			children = (
				A2A61D39FA576705FB8C6921 /* Pods_PaymentsAppDemo.framework */,
				C67B3109DD51DA846E504CB8 /* Pods_PaymentsAppDemo_PaymentsAppDemoUITests.framework */,
				0F061BC7CA21891BE62B74DE /* Pods_PaymentsAppDemoTests.framework */,
			);
			name = Frameworks;
			sourceTree = "<group>";
		};
		C3AB883E24F167C000ACD4DF = {
			isa = PBXGroup;
			children = (
				C3AB884924F167C000ACD4DF /* PaymentsAppDemo */,
				C3AB886024F167C100ACD4DF /* PaymentsAppDemoTests */,
				C3AB886B24F167C100ACD4DF /* PaymentsAppDemoUITests */,
				C3AB884824F167C000ACD4DF /* Products */,
				2391334424AB7E72CEF8E70D /* Pods */,
				3213E325022F6925D7AD3341 /* Frameworks */,
			);
			sourceTree = "<group>";
		};
		C3AB884824F167C000ACD4DF /* Products */ = {
			isa = PBXGroup;
			children = (
				C3AB884724F167C000ACD4DF /* PaymentsAppDemo.app */,
				C3AB885D24F167C100ACD4DF /* PaymentsAppDemoTests.xctest */,
				C3AB886824F167C100ACD4DF /* PaymentsAppDemoUITests.xctest */,
			);
			name = Products;
			sourceTree = "<group>";
		};
		C3AB884924F167C000ACD4DF /* PaymentsAppDemo */ = {
			isa = PBXGroup;
			children = (
				C3AF57AA24F33AFE0033499E /* Scenes */,
				C3AF57A924F33AF20033499E /* Utilities */,
				C3AF579224F1CE220033499E /* Networking */,
				C3AB884A24F167C000ACD4DF /* AppDelegate.swift */,
				C3AB884E24F167C000ACD4DF /* ViewController.swift */,
				C3AB885024F167C000ACD4DF /* Main.storyboard */,
				C3AB885324F167C100ACD4DF /* Assets.xcassets */,
				C3AB885524F167C100ACD4DF /* LaunchScreen.storyboard */,
				C3AB885824F167C100ACD4DF /* Info.plist */,
			);
			path = PaymentsAppDemo;
			sourceTree = "<group>";
		};
		C3AB886024F167C100ACD4DF /* PaymentsAppDemoTests */ = {
			isa = PBXGroup;
			children = (
				C3AB886124F167C100ACD4DF /* PaymentsAppDemoTests.swift */,
				C3AB886324F167C100ACD4DF /* Info.plist */,
			);
			path = PaymentsAppDemoTests;
			sourceTree = "<group>";
		};
		C3AB886B24F167C100ACD4DF /* PaymentsAppDemoUITests */ = {
			isa = PBXGroup;
			children = (
				C3AB886C24F167C100ACD4DF /* PaymentsAppDemoUITests.swift */,
				C3AB886E24F167C100ACD4DF /* Info.plist */,
			);
			path = PaymentsAppDemoUITests;
			sourceTree = "<group>";
		};
		C3AF579224F1CE220033499E /* Networking */ = {
			isa = PBXGroup;
			children = (
				C3AF579824F2E2DE0033499E /* Models */,
				C3AF579324F1CE530033499E /* PaymentsAPI.swift */,
				C3AF57A324F318A90033499E /* NetworkManager.swift */,
				C3AF57A524F326F70033499E /* BaseNetwork.swift */,
			);
			path = Networking;
			sourceTree = "<group>";
		};
		C3AF579824F2E2DE0033499E /* Models */ = {
			isa = PBXGroup;
			children = (
				C3AF579924F2E2FF0033499E /* PaymentMethod.swift */,
				C3AF579B24F304630033499E /* CardIssuer.swift */,
				C3AF579D24F3046F0033499E /* Installment.swift */,
			);
			path = Models;
			sourceTree = "<group>";
		};
		C3AF57A924F33AF20033499E /* Utilities */ = {
			isa = PBXGroup;
			children = (
				C3AF57B324F340C90033499E /* Localizables */,
				C3AF57BC24F341CC0033499E /* Extensions */,
				C3AF57B124F3406E0033499E /* Constants.swift */,
			);
			path = Utilities;
			sourceTree = "<group>";
		};
		C3AF57AA24F33AFE0033499E /* Scenes */ = {
			isa = PBXGroup;
			children = (
				C3AF57AB24F33C8B0033499E /* AmountViewController.swift */,
				C3AF57AC24F33C8B0033499E /* AmountViewController.xib */,
			);
			path = Scenes;
			sourceTree = "<group>";
		};
		C3AF57B324F340C90033499E /* Localizables */ = {
			isa = PBXGroup;
			children = (
				C3AF57B424F340E30033499E /* LocalizablesES.strings */,
				C3AF57B624F341130033499E /* LocalizablesEN.strings */,
				C3AF57B824F341680033499E /* Localizables.swift */,
			);
			path = Localizables;
			sourceTree = "<group>";
		};
		C3AF57BC24F341CC0033499E /* Extensions */ = {
			isa = PBXGroup;
			children = (
				C3AF57AF24F33CCA0033499E /* UIColor+Extension.swift */,
				C3AF57BA24F341C10033499E /* String+Extension.swift */,
				C3AF57BD24F3441A0033499E /* UIViewController+Extension.swift */,
			);
			path = Extensions;
			sourceTree = "<group>";
		};
/* End PBXGroup section */

/* Begin PBXNativeTarget section */
		C3AB884624F167C000ACD4DF /* PaymentsAppDemo */ = {
			isa = PBXNativeTarget;
			buildConfigurationList = C3AB887124F167C100ACD4DF /* Build configuration list for PBXNativeTarget "PaymentsAppDemo" */;
			buildPhases = (
				54028018FA456EFBC2D76EC3 /* [CP] Check Pods Manifest.lock */,
				C3AB884324F167C000ACD4DF /* Sources */,
				C3AB884424F167C000ACD4DF /* Frameworks */,
				C3AB884524F167C000ACD4DF /* Resources */,
				1611A50CD45B3F3D07195769 /* [CP] Embed Pods Frameworks */,
			);
			buildRules = (
			);
			dependencies = (
			);
			name = PaymentsAppDemo;
			productName = PaymentsAppDemo;
			productReference = C3AB884724F167C000ACD4DF /* PaymentsAppDemo.app */;
			productType = "com.apple.product-type.application";
		};
		C3AB885C24F167C100ACD4DF /* PaymentsAppDemoTests */ = {
			isa = PBXNativeTarget;
			buildConfigurationList = C3AB887424F167C100ACD4DF /* Build configuration list for PBXNativeTarget "PaymentsAppDemoTests" */;
			buildPhases = (
				87E5BC7D278DD34C238AF68A /* [CP] Check Pods Manifest.lock */,
				C3AB885924F167C100ACD4DF /* Sources */,
				C3AB885A24F167C100ACD4DF /* Frameworks */,
				C3AB885B24F167C100ACD4DF /* Resources */,
			);
			buildRules = (
			);
			dependencies = (
				C3AB885F24F167C100ACD4DF /* PBXTargetDependency */,
			);
			name = PaymentsAppDemoTests;
			productName = PaymentsAppDemoTests;
			productReference = C3AB885D24F167C100ACD4DF /* PaymentsAppDemoTests.xctest */;
			productType = "com.apple.product-type.bundle.unit-test";
		};
		C3AB886724F167C100ACD4DF /* PaymentsAppDemoUITests */ = {
			isa = PBXNativeTarget;
			buildConfigurationList = C3AB887724F167C100ACD4DF /* Build configuration list for PBXNativeTarget "PaymentsAppDemoUITests" */;
			buildPhases = (
				30213F31386468B06C65D724 /* [CP] Check Pods Manifest.lock */,
				C3AB886424F167C100ACD4DF /* Sources */,
				C3AB886524F167C100ACD4DF /* Frameworks */,
				C3AB886624F167C100ACD4DF /* Resources */,
				CC8AE5C99A7D3230FFA56934 /* [CP] Embed Pods Frameworks */,
			);
			buildRules = (
			);
			dependencies = (
				C3AB886A24F167C100ACD4DF /* PBXTargetDependency */,
			);
			name = PaymentsAppDemoUITests;
			productName = PaymentsAppDemoUITests;
			productReference = C3AB886824F167C100ACD4DF /* PaymentsAppDemoUITests.xctest */;
			productType = "com.apple.product-type.bundle.ui-testing";
		};
/* End PBXNativeTarget section */

/* Begin PBXProject section */
		C3AB883F24F167C000ACD4DF /* Project object */ = {
			isa = PBXProject;
			attributes = {
				LastSwiftUpdateCheck = 1160;
				LastUpgradeCheck = 1160;
				ORGANIZATIONNAME = "Sofia Cantero";
				TargetAttributes = {
					C3AB884624F167C000ACD4DF = {
						CreatedOnToolsVersion = 11.6;
					};
					C3AB885C24F167C100ACD4DF = {
						CreatedOnToolsVersion = 11.6;
						TestTargetID = C3AB884624F167C000ACD4DF;
					};
					C3AB886724F167C100ACD4DF = {
						CreatedOnToolsVersion = 11.6;
						TestTargetID = C3AB884624F167C000ACD4DF;
					};
				};
			};
			buildConfigurationList = C3AB884224F167C000ACD4DF /* Build configuration list for PBXProject "PaymentsAppDemo" */;
			compatibilityVersion = "Xcode 9.3";
			developmentRegion = en;
			hasScannedForEncodings = 0;
			knownRegions = (
				en,
				Base,
			);
			mainGroup = C3AB883E24F167C000ACD4DF;
			productRefGroup = C3AB884824F167C000ACD4DF /* Products */;
			projectDirPath = "";
			projectRoot = "";
			targets = (
				C3AB884624F167C000ACD4DF /* PaymentsAppDemo */,
				C3AB885C24F167C100ACD4DF /* PaymentsAppDemoTests */,
				C3AB886724F167C100ACD4DF /* PaymentsAppDemoUITests */,
			);
		};
/* End PBXProject section */

/* Begin PBXResourcesBuildPhase section */
		C3AB884524F167C000ACD4DF /* Resources */ = {
			isa = PBXResourcesBuildPhase;
			buildActionMask = 2147483647;
			files = (
				C3AF57AE24F33C8B0033499E /* AmountViewController.xib in Resources */,
				C3AB885724F167C100ACD4DF /* LaunchScreen.storyboard in Resources */,
				C3AB885424F167C100ACD4DF /* Assets.xcassets in Resources */,
				C3AB885224F167C000ACD4DF /* Main.storyboard in Resources */,
				C3AF57B724F341130033499E /* LocalizablesEN.strings in Resources */,
				C3AF57B524F340E30033499E /* LocalizablesES.strings in Resources */,
			);
			runOnlyForDeploymentPostprocessing = 0;
		};
		C3AB885B24F167C100ACD4DF /* Resources */ = {
			isa = PBXResourcesBuildPhase;
			buildActionMask = 2147483647;
			files = (
			);
			runOnlyForDeploymentPostprocessing = 0;
		};
		C3AB886624F167C100ACD4DF /* Resources */ = {
			isa = PBXResourcesBuildPhase;
			buildActionMask = 2147483647;
			files = (
			);
			runOnlyForDeploymentPostprocessing = 0;
		};
/* End PBXResourcesBuildPhase section */

/* Begin PBXShellScriptBuildPhase section */
		1611A50CD45B3F3D07195769 /* [CP] Embed Pods Frameworks */ = {
			isa = PBXShellScriptBuildPhase;
			buildActionMask = 2147483647;
			files = (
			);
			inputFileListPaths = (
				"${PODS_ROOT}/Target Support Files/Pods-PaymentsAppDemo/Pods-PaymentsAppDemo-frameworks-${CONFIGURATION}-input-files.xcfilelist",
			);
			name = "[CP] Embed Pods Frameworks";
			outputFileListPaths = (
				"${PODS_ROOT}/Target Support Files/Pods-PaymentsAppDemo/Pods-PaymentsAppDemo-frameworks-${CONFIGURATION}-output-files.xcfilelist",
			);
			runOnlyForDeploymentPostprocessing = 0;
			shellPath = /bin/sh;
			shellScript = "\"${PODS_ROOT}/Target Support Files/Pods-PaymentsAppDemo/Pods-PaymentsAppDemo-frameworks.sh\"\n";
			showEnvVarsInLog = 0;
		};
		30213F31386468B06C65D724 /* [CP] Check Pods Manifest.lock */ = {
			isa = PBXShellScriptBuildPhase;
			buildActionMask = 2147483647;
			files = (
			);
			inputFileListPaths = (
			);
			inputPaths = (
				"${PODS_PODFILE_DIR_PATH}/Podfile.lock",
				"${PODS_ROOT}/Manifest.lock",
			);
			name = "[CP] Check Pods Manifest.lock";
			outputFileListPaths = (
			);
			outputPaths = (
				"$(DERIVED_FILE_DIR)/Pods-PaymentsAppDemo-PaymentsAppDemoUITests-checkManifestLockResult.txt",
			);
			runOnlyForDeploymentPostprocessing = 0;
			shellPath = /bin/sh;
			shellScript = "diff \"${PODS_PODFILE_DIR_PATH}/Podfile.lock\" \"${PODS_ROOT}/Manifest.lock\" > /dev/null\nif [ $? != 0 ] ; then\n    # print error to STDERR\n    echo \"error: The sandbox is not in sync with the Podfile.lock. Run 'pod install' or update your CocoaPods installation.\" >&2\n    exit 1\nfi\n# This output is used by Xcode 'outputs' to avoid re-running this script phase.\necho \"SUCCESS\" > \"${SCRIPT_OUTPUT_FILE_0}\"\n";
			showEnvVarsInLog = 0;
		};
		54028018FA456EFBC2D76EC3 /* [CP] Check Pods Manifest.lock */ = {
			isa = PBXShellScriptBuildPhase;
			buildActionMask = 2147483647;
			files = (
			);
			inputFileListPaths = (
			);
			inputPaths = (
				"${PODS_PODFILE_DIR_PATH}/Podfile.lock",
				"${PODS_ROOT}/Manifest.lock",
			);
			name = "[CP] Check Pods Manifest.lock";
			outputFileListPaths = (
			);
			outputPaths = (
				"$(DERIVED_FILE_DIR)/Pods-PaymentsAppDemo-checkManifestLockResult.txt",
			);
			runOnlyForDeploymentPostprocessing = 0;
			shellPath = /bin/sh;
			shellScript = "diff \"${PODS_PODFILE_DIR_PATH}/Podfile.lock\" \"${PODS_ROOT}/Manifest.lock\" > /dev/null\nif [ $? != 0 ] ; then\n    # print error to STDERR\n    echo \"error: The sandbox is not in sync with the Podfile.lock. Run 'pod install' or update your CocoaPods installation.\" >&2\n    exit 1\nfi\n# This output is used by Xcode 'outputs' to avoid re-running this script phase.\necho \"SUCCESS\" > \"${SCRIPT_OUTPUT_FILE_0}\"\n";
			showEnvVarsInLog = 0;
		};
		87E5BC7D278DD34C238AF68A /* [CP] Check Pods Manifest.lock */ = {
			isa = PBXShellScriptBuildPhase;
			buildActionMask = 2147483647;
			files = (
			);
			inputFileListPaths = (
			);
			inputPaths = (
				"${PODS_PODFILE_DIR_PATH}/Podfile.lock",
				"${PODS_ROOT}/Manifest.lock",
			);
			name = "[CP] Check Pods Manifest.lock";
			outputFileListPaths = (
			);
			outputPaths = (
				"$(DERIVED_FILE_DIR)/Pods-PaymentsAppDemoTests-checkManifestLockResult.txt",
			);
			runOnlyForDeploymentPostprocessing = 0;
			shellPath = /bin/sh;
			shellScript = "diff \"${PODS_PODFILE_DIR_PATH}/Podfile.lock\" \"${PODS_ROOT}/Manifest.lock\" > /dev/null\nif [ $? != 0 ] ; then\n    # print error to STDERR\n    echo \"error: The sandbox is not in sync with the Podfile.lock. Run 'pod install' or update your CocoaPods installation.\" >&2\n    exit 1\nfi\n# This output is used by Xcode 'outputs' to avoid re-running this script phase.\necho \"SUCCESS\" > \"${SCRIPT_OUTPUT_FILE_0}\"\n";
			showEnvVarsInLog = 0;
		};
		CC8AE5C99A7D3230FFA56934 /* [CP] Embed Pods Frameworks */ = {
			isa = PBXShellScriptBuildPhase;
			buildActionMask = 2147483647;
			files = (
			);
			inputFileListPaths = (
				"${PODS_ROOT}/Target Support Files/Pods-PaymentsAppDemo-PaymentsAppDemoUITests/Pods-PaymentsAppDemo-PaymentsAppDemoUITests-frameworks-${CONFIGURATION}-input-files.xcfilelist",
			);
			name = "[CP] Embed Pods Frameworks";
			outputFileListPaths = (
				"${PODS_ROOT}/Target Support Files/Pods-PaymentsAppDemo-PaymentsAppDemoUITests/Pods-PaymentsAppDemo-PaymentsAppDemoUITests-frameworks-${CONFIGURATION}-output-files.xcfilelist",
			);
			runOnlyForDeploymentPostprocessing = 0;
			shellPath = /bin/sh;
			shellScript = "\"${PODS_ROOT}/Target Support Files/Pods-PaymentsAppDemo-PaymentsAppDemoUITests/Pods-PaymentsAppDemo-PaymentsAppDemoUITests-frameworks.sh\"\n";
			showEnvVarsInLog = 0;
		};
/* End PBXShellScriptBuildPhase section */

/* Begin PBXSourcesBuildPhase section */
		C3AB884324F167C000ACD4DF /* Sources */ = {
			isa = PBXSourcesBuildPhase;
			buildActionMask = 2147483647;
			files = (
				C3AF57AD24F33C8B0033499E /* AmountViewController.swift in Sources */,
				C3AB884F24F167C000ACD4DF /* ViewController.swift in Sources */,
				C3AB884B24F167C000ACD4DF /* AppDelegate.swift in Sources */,
				C3AF57BE24F3441A0033499E /* UIViewController+Extension.swift in Sources */,
				C3AF57B024F33CCA0033499E /* UIColor+Extension.swift in Sources */,
				C3AF57A624F326F70033499E /* BaseNetwork.swift in Sources */,
				C3AF57A424F318A90033499E /* NetworkManager.swift in Sources */,
				C3AF57B924F341680033499E /* Localizables.swift in Sources */,
				C3AF57BB24F341C10033499E /* String+Extension.swift in Sources */,
				C3AF579C24F304630033499E /* CardIssuer.swift in Sources */,
				C3AF579A24F2E2FF0033499E /* PaymentMethod.swift in Sources */,
				C3AF579424F1CE530033499E /* PaymentsAPI.swift in Sources */,
				C3AF579E24F3046F0033499E /* Installment.swift in Sources */,
				C3AF57B224F3406E0033499E /* Constants.swift in Sources */,
			);
			runOnlyForDeploymentPostprocessing = 0;
		};
		C3AB885924F167C100ACD4DF /* Sources */ = {
			isa = PBXSourcesBuildPhase;
			buildActionMask = 2147483647;
			files = (
				C3AB886224F167C100ACD4DF /* PaymentsAppDemoTests.swift in Sources */,
			);
			runOnlyForDeploymentPostprocessing = 0;
		};
		C3AB886424F167C100ACD4DF /* Sources */ = {
			isa = PBXSourcesBuildPhase;
			buildActionMask = 2147483647;
			files = (
				C3AB886D24F167C100ACD4DF /* PaymentsAppDemoUITests.swift in Sources */,
			);
			runOnlyForDeploymentPostprocessing = 0;
		};
/* End PBXSourcesBuildPhase section */

/* Begin PBXTargetDependency section */
		C3AB885F24F167C100ACD4DF /* PBXTargetDependency */ = {
			isa = PBXTargetDependency;
			target = C3AB884624F167C000ACD4DF /* PaymentsAppDemo */;
			targetProxy = C3AB885E24F167C100ACD4DF /* PBXContainerItemProxy */;
		};
		C3AB886A24F167C100ACD4DF /* PBXTargetDependency */ = {
			isa = PBXTargetDependency;
			target = C3AB884624F167C000ACD4DF /* PaymentsAppDemo */;
			targetProxy = C3AB886924F167C100ACD4DF /* PBXContainerItemProxy */;
		};
/* End PBXTargetDependency section */

/* Begin PBXVariantGroup section */
		C3AB885024F167C000ACD4DF /* Main.storyboard */ = {
			isa = PBXVariantGroup;
			children = (
				C3AB885124F167C000ACD4DF /* Base */,
			);
			name = Main.storyboard;
			sourceTree = "<group>";
		};
		C3AB885524F167C100ACD4DF /* LaunchScreen.storyboard */ = {
			isa = PBXVariantGroup;
			children = (
				C3AB885624F167C100ACD4DF /* Base */,
			);
			name = LaunchScreen.storyboard;
			sourceTree = "<group>";
		};
/* End PBXVariantGroup section */

/* Begin XCBuildConfiguration section */
		C3AB886F24F167C100ACD4DF /* Debug */ = {
			isa = XCBuildConfiguration;
			buildSettings = {
				ALWAYS_SEARCH_USER_PATHS = NO;
				CLANG_ANALYZER_NONNULL = YES;
				CLANG_ANALYZER_NUMBER_OBJECT_CONVERSION = YES_AGGRESSIVE;
				CLANG_CXX_LANGUAGE_STANDARD = "gnu++14";
				CLANG_CXX_LIBRARY = "libc++";
				CLANG_ENABLE_MODULES = YES;
				CLANG_ENABLE_OBJC_ARC = YES;
				CLANG_ENABLE_OBJC_WEAK = YES;
				CLANG_WARN_BLOCK_CAPTURE_AUTORELEASING = YES;
				CLANG_WARN_BOOL_CONVERSION = YES;
				CLANG_WARN_COMMA = YES;
				CLANG_WARN_CONSTANT_CONVERSION = YES;
				CLANG_WARN_DEPRECATED_OBJC_IMPLEMENTATIONS = YES;
				CLANG_WARN_DIRECT_OBJC_ISA_USAGE = YES_ERROR;
				CLANG_WARN_DOCUMENTATION_COMMENTS = YES;
				CLANG_WARN_EMPTY_BODY = YES;
				CLANG_WARN_ENUM_CONVERSION = YES;
				CLANG_WARN_INFINITE_RECURSION = YES;
				CLANG_WARN_INT_CONVERSION = YES;
				CLANG_WARN_NON_LITERAL_NULL_CONVERSION = YES;
				CLANG_WARN_OBJC_IMPLICIT_RETAIN_SELF = YES;
				CLANG_WARN_OBJC_LITERAL_CONVERSION = YES;
				CLANG_WARN_OBJC_ROOT_CLASS = YES_ERROR;
				CLANG_WARN_RANGE_LOOP_ANALYSIS = YES;
				CLANG_WARN_STRICT_PROTOTYPES = YES;
				CLANG_WARN_SUSPICIOUS_MOVE = YES;
				CLANG_WARN_UNGUARDED_AVAILABILITY = YES_AGGRESSIVE;
				CLANG_WARN_UNREACHABLE_CODE = YES;
				CLANG_WARN__DUPLICATE_METHOD_MATCH = YES;
				COPY_PHASE_STRIP = NO;
				DEBUG_INFORMATION_FORMAT = dwarf;
				ENABLE_STRICT_OBJC_MSGSEND = YES;
				ENABLE_TESTABILITY = YES;
				GCC_C_LANGUAGE_STANDARD = gnu11;
				GCC_DYNAMIC_NO_PIC = NO;
				GCC_NO_COMMON_BLOCKS = YES;
				GCC_OPTIMIZATION_LEVEL = 0;
				GCC_PREPROCESSOR_DEFINITIONS = (
					"DEBUG=1",
					"$(inherited)",
				);
				GCC_WARN_64_TO_32_BIT_CONVERSION = YES;
				GCC_WARN_ABOUT_RETURN_TYPE = YES_ERROR;
				GCC_WARN_UNDECLARED_SELECTOR = YES;
				GCC_WARN_UNINITIALIZED_AUTOS = YES_AGGRESSIVE;
				GCC_WARN_UNUSED_FUNCTION = YES;
				GCC_WARN_UNUSED_VARIABLE = YES;
				IPHONEOS_DEPLOYMENT_TARGET = 13.6;
				MTL_ENABLE_DEBUG_INFO = INCLUDE_SOURCE;
				MTL_FAST_MATH = YES;
				ONLY_ACTIVE_ARCH = YES;
				SDKROOT = iphoneos;
				SWIFT_ACTIVE_COMPILATION_CONDITIONS = DEBUG;
				SWIFT_OPTIMIZATION_LEVEL = "-Onone";
			};
			name = Debug;
		};
		C3AB887024F167C100ACD4DF /* Release */ = {
			isa = XCBuildConfiguration;
			buildSettings = {
				ALWAYS_SEARCH_USER_PATHS = NO;
				CLANG_ANALYZER_NONNULL = YES;
				CLANG_ANALYZER_NUMBER_OBJECT_CONVERSION = YES_AGGRESSIVE;
				CLANG_CXX_LANGUAGE_STANDARD = "gnu++14";
				CLANG_CXX_LIBRARY = "libc++";
				CLANG_ENABLE_MODULES = YES;
				CLANG_ENABLE_OBJC_ARC = YES;
				CLANG_ENABLE_OBJC_WEAK = YES;
				CLANG_WARN_BLOCK_CAPTURE_AUTORELEASING = YES;
				CLANG_WARN_BOOL_CONVERSION = YES;
				CLANG_WARN_COMMA = YES;
				CLANG_WARN_CONSTANT_CONVERSION = YES;
				CLANG_WARN_DEPRECATED_OBJC_IMPLEMENTATIONS = YES;
				CLANG_WARN_DIRECT_OBJC_ISA_USAGE = YES_ERROR;
				CLANG_WARN_DOCUMENTATION_COMMENTS = YES;
				CLANG_WARN_EMPTY_BODY = YES;
				CLANG_WARN_ENUM_CONVERSION = YES;
				CLANG_WARN_INFINITE_RECURSION = YES;
				CLANG_WARN_INT_CONVERSION = YES;
				CLANG_WARN_NON_LITERAL_NULL_CONVERSION = YES;
				CLANG_WARN_OBJC_IMPLICIT_RETAIN_SELF = YES;
				CLANG_WARN_OBJC_LITERAL_CONVERSION = YES;
				CLANG_WARN_OBJC_ROOT_CLASS = YES_ERROR;
				CLANG_WARN_RANGE_LOOP_ANALYSIS = YES;
				CLANG_WARN_STRICT_PROTOTYPES = YES;
				CLANG_WARN_SUSPICIOUS_MOVE = YES;
				CLANG_WARN_UNGUARDED_AVAILABILITY = YES_AGGRESSIVE;
				CLANG_WARN_UNREACHABLE_CODE = YES;
				CLANG_WARN__DUPLICATE_METHOD_MATCH = YES;
				COPY_PHASE_STRIP = NO;
				DEBUG_INFORMATION_FORMAT = "dwarf-with-dsym";
				ENABLE_NS_ASSERTIONS = NO;
				ENABLE_STRICT_OBJC_MSGSEND = YES;
				GCC_C_LANGUAGE_STANDARD = gnu11;
				GCC_NO_COMMON_BLOCKS = YES;
				GCC_WARN_64_TO_32_BIT_CONVERSION = YES;
				GCC_WARN_ABOUT_RETURN_TYPE = YES_ERROR;
				GCC_WARN_UNDECLARED_SELECTOR = YES;
				GCC_WARN_UNINITIALIZED_AUTOS = YES_AGGRESSIVE;
				GCC_WARN_UNUSED_FUNCTION = YES;
				GCC_WARN_UNUSED_VARIABLE = YES;
				IPHONEOS_DEPLOYMENT_TARGET = 13.6;
				MTL_ENABLE_DEBUG_INFO = NO;
				MTL_FAST_MATH = YES;
				SDKROOT = iphoneos;
				SWIFT_COMPILATION_MODE = wholemodule;
				SWIFT_OPTIMIZATION_LEVEL = "-O";
				VALIDATE_PRODUCT = YES;
			};
			name = Release;
		};
		C3AB887224F167C100ACD4DF /* Debug */ = {
			isa = XCBuildConfiguration;
			baseConfigurationReference = 0A509FE2152CE6FC9C637490 /* Pods-PaymentsAppDemo.debug.xcconfig */;
			buildSettings = {
				ASSETCATALOG_COMPILER_APPICON_NAME = AppIcon;
				CODE_SIGN_STYLE = Automatic;
				DEVELOPMENT_TEAM = 8Q3JF4537Y;
				INFOPLIST_FILE = PaymentsAppDemo/Info.plist;
				LD_RUNPATH_SEARCH_PATHS = (
					"$(inherited)",
					"@executable_path/Frameworks",
				);
				PRODUCT_BUNDLE_IDENTIFIER = com.SofiaCantero.PaymentsAppDemo;
				PRODUCT_NAME = "$(TARGET_NAME)";
				SWIFT_VERSION = 5.0;
				TARGETED_DEVICE_FAMILY = "1,2";
			};
			name = Debug;
		};
		C3AB887324F167C100ACD4DF /* Release */ = {
			isa = XCBuildConfiguration;
			baseConfigurationReference = 152E71361939A5E28A0FF846 /* Pods-PaymentsAppDemo.release.xcconfig */;
			buildSettings = {
				ASSETCATALOG_COMPILER_APPICON_NAME = AppIcon;
				CODE_SIGN_STYLE = Automatic;
				DEVELOPMENT_TEAM = 8Q3JF4537Y;
				INFOPLIST_FILE = PaymentsAppDemo/Info.plist;
				LD_RUNPATH_SEARCH_PATHS = (
					"$(inherited)",
					"@executable_path/Frameworks",
				);
				PRODUCT_BUNDLE_IDENTIFIER = com.SofiaCantero.PaymentsAppDemo;
				PRODUCT_NAME = "$(TARGET_NAME)";
				SWIFT_VERSION = 5.0;
				TARGETED_DEVICE_FAMILY = "1,2";
			};
			name = Release;
		};
		C3AB887524F167C100ACD4DF /* Debug */ = {
			isa = XCBuildConfiguration;
			baseConfigurationReference = 50E7FB4BE747DCDB89FF48AC /* Pods-PaymentsAppDemoTests.debug.xcconfig */;
			buildSettings = {
				ALWAYS_EMBED_SWIFT_STANDARD_LIBRARIES = YES;
				BUNDLE_LOADER = "$(TEST_HOST)";
				CODE_SIGN_STYLE = Automatic;
				DEVELOPMENT_TEAM = 8Q3JF4537Y;
				INFOPLIST_FILE = PaymentsAppDemoTests/Info.plist;
				IPHONEOS_DEPLOYMENT_TARGET = 13.6;
				LD_RUNPATH_SEARCH_PATHS = (
					"$(inherited)",
					"@executable_path/Frameworks",
					"@loader_path/Frameworks",
				);
				PRODUCT_BUNDLE_IDENTIFIER = com.SofiaCantero.PaymentsAppDemoTests;
				PRODUCT_NAME = "$(TARGET_NAME)";
				SWIFT_VERSION = 5.0;
				TARGETED_DEVICE_FAMILY = "1,2";
				TEST_HOST = "$(BUILT_PRODUCTS_DIR)/PaymentsAppDemo.app/PaymentsAppDemo";
			};
			name = Debug;
		};
		C3AB887624F167C100ACD4DF /* Release */ = {
			isa = XCBuildConfiguration;
			baseConfigurationReference = 84430DE20238791DBCC232A0 /* Pods-PaymentsAppDemoTests.release.xcconfig */;
			buildSettings = {
				ALWAYS_EMBED_SWIFT_STANDARD_LIBRARIES = YES;
				BUNDLE_LOADER = "$(TEST_HOST)";
				CODE_SIGN_STYLE = Automatic;
				DEVELOPMENT_TEAM = 8Q3JF4537Y;
				INFOPLIST_FILE = PaymentsAppDemoTests/Info.plist;
				IPHONEOS_DEPLOYMENT_TARGET = 13.6;
				LD_RUNPATH_SEARCH_PATHS = (
					"$(inherited)",
					"@executable_path/Frameworks",
					"@loader_path/Frameworks",
				);
				PRODUCT_BUNDLE_IDENTIFIER = com.SofiaCantero.PaymentsAppDemoTests;
				PRODUCT_NAME = "$(TARGET_NAME)";
				SWIFT_VERSION = 5.0;
				TARGETED_DEVICE_FAMILY = "1,2";
				TEST_HOST = "$(BUILT_PRODUCTS_DIR)/PaymentsAppDemo.app/PaymentsAppDemo";
			};
			name = Release;
		};
		C3AB887824F167C100ACD4DF /* Debug */ = {
			isa = XCBuildConfiguration;
			baseConfigurationReference = 0D45D4293DE19414F7CA6883 /* Pods-PaymentsAppDemo-PaymentsAppDemoUITests.debug.xcconfig */;
			buildSettings = {
				ALWAYS_EMBED_SWIFT_STANDARD_LIBRARIES = YES;
				CODE_SIGN_STYLE = Automatic;
				DEVELOPMENT_TEAM = 8Q3JF4537Y;
				INFOPLIST_FILE = PaymentsAppDemoUITests/Info.plist;
				LD_RUNPATH_SEARCH_PATHS = (
					"$(inherited)",
					"@executable_path/Frameworks",
					"@loader_path/Frameworks",
				);
				PRODUCT_BUNDLE_IDENTIFIER = com.SofiaCantero.PaymentsAppDemoUITests;
				PRODUCT_NAME = "$(TARGET_NAME)";
				SWIFT_VERSION = 5.0;
				TARGETED_DEVICE_FAMILY = "1,2";
				TEST_TARGET_NAME = PaymentsAppDemo;
			};
			name = Debug;
		};
		C3AB887924F167C100ACD4DF /* Release */ = {
			isa = XCBuildConfiguration;
			baseConfigurationReference = FF0BA7B885A0BF2CB6E9710E /* Pods-PaymentsAppDemo-PaymentsAppDemoUITests.release.xcconfig */;
			buildSettings = {
				ALWAYS_EMBED_SWIFT_STANDARD_LIBRARIES = YES;
				CODE_SIGN_STYLE = Automatic;
				DEVELOPMENT_TEAM = 8Q3JF4537Y;
				INFOPLIST_FILE = PaymentsAppDemoUITests/Info.plist;
				LD_RUNPATH_SEARCH_PATHS = (
					"$(inherited)",
					"@executable_path/Frameworks",
					"@loader_path/Frameworks",
				);
				PRODUCT_BUNDLE_IDENTIFIER = com.SofiaCantero.PaymentsAppDemoUITests;
				PRODUCT_NAME = "$(TARGET_NAME)";
				SWIFT_VERSION = 5.0;
				TARGETED_DEVICE_FAMILY = "1,2";
				TEST_TARGET_NAME = PaymentsAppDemo;
			};
			name = Release;
		};
/* End XCBuildConfiguration section */

/* Begin XCConfigurationList section */
		C3AB884224F167C000ACD4DF /* Build configuration list for PBXProject "PaymentsAppDemo" */ = {
			isa = XCConfigurationList;
			buildConfigurations = (
				C3AB886F24F167C100ACD4DF /* Debug */,
				C3AB887024F167C100ACD4DF /* Release */,
			);
			defaultConfigurationIsVisible = 0;
			defaultConfigurationName = Release;
		};
		C3AB887124F167C100ACD4DF /* Build configuration list for PBXNativeTarget "PaymentsAppDemo" */ = {
			isa = XCConfigurationList;
			buildConfigurations = (
				C3AB887224F167C100ACD4DF /* Debug */,
				C3AB887324F167C100ACD4DF /* Release */,
			);
			defaultConfigurationIsVisible = 0;
			defaultConfigurationName = Release;
		};
		C3AB887424F167C100ACD4DF /* Build configuration list for PBXNativeTarget "PaymentsAppDemoTests" */ = {
			isa = XCConfigurationList;
			buildConfigurations = (
				C3AB887524F167C100ACD4DF /* Debug */,
				C3AB887624F167C100ACD4DF /* Release */,
			);
			defaultConfigurationIsVisible = 0;
			defaultConfigurationName = Release;
		};
		C3AB887724F167C100ACD4DF /* Build configuration list for PBXNativeTarget "PaymentsAppDemoUITests" */ = {
			isa = XCConfigurationList;
			buildConfigurations = (
				C3AB887824F167C100ACD4DF /* Debug */,
				C3AB887924F167C100ACD4DF /* Release */,
			);
			defaultConfigurationIsVisible = 0;
			defaultConfigurationName = Release;
		};
/* End XCConfigurationList section */
	};
	rootObject = C3AB883F24F167C000ACD4DF /* Project object */;
}
